{
  "object": {
    "pins": [
      {
        "package": "LBTATools",
        "repositoryURL": "https://github.com/bhlvoong/LBTATools",
        "state": {
          "branch": null,
          "revision": "efa5d19b6b5378a4f01a3ac7f293a52fb90ab23b",
          "version": "1.0.12"
        }
      },
      {
        "package": "SwiftyJSON",
        "repositoryURL": "https://github.com/SwiftyJSON/SwiftyJSON",
        "state": {
          "branch": null,
          "revision": "2b6054efa051565954e1d2b9da831680026cd768",
          "version": "5.0.0"
        }
      }
    ]
  },
  "version": 1
}
